
Microsoft Visual Studio Solution File, Format Version 11.00
# Visual Studio 2010
Project("{FAE04EC0-301F-11D3-BF4B-00C04F79EFBC}") = "Assembly-CSharp", "Assembly-CSharp.csproj", "{9BD901A7-397B-1DCA-E8CB-A0F30637E522}"
EndProject
Project("{FAE04EC0-301F-11D3-BF4B-00C04F79EFBC}") = "Assembly-CSharp-Editor", "Assembly-CSharp-Editor.csproj", "{3BBEDCB7-2B65-E7B4-762E-AB7E2F2BC23A}"
EndProject
Global
	GlobalSection(SolutionConfigurationPlatforms) = preSolution
		Debug|Any CPU = Debug|Any CPU
		Release|Any CPU = Release|Any CPU
	EndGlobalSection
	GlobalSection(ProjectConfigurationPlatforms) = postSolution
		{9BD901A7-397B-1DCA-E8CB-A0F30637E522}.Debug|Any CPU.ActiveCfg = Debug|Any CPU
		{9BD901A7-397B-1DCA-E8CB-A0F30637E522}.Debug|Any CPU.Build.0 = Debug|Any CPU
		{9BD901A7-397B-1DCA-E8CB-A0F30637E522}.Release|Any CPU.ActiveCfg = Release|Any CPU
		{9BD901A7-397B-1DCA-E8CB-A0F30637E522}.Release|Any CPU.Build.0 = Release|Any CPU
		{3BBEDCB7-2B65-E7B4-762E-AB7E2F2BC23A}.Debug|Any CPU.ActiveCfg = Debug|Any CPU
		{3BBEDCB7-2B65-E7B4-762E-AB7E2F2BC23A}.Debug|Any CPU.Build.0 = Debug|Any CPU
		{3BBEDCB7-2B65-E7B4-762E-AB7E2F2BC23A}.Release|Any CPU.ActiveCfg = Release|Any CPU
		{3BBEDCB7-2B65-E7B4-762E-AB7E2F2BC23A}.Release|Any CPU.Build.0 = Release|Any CPU
	EndGlobalSection
	GlobalSection(SolutionProperties) = preSolution
		HideSolutionNode = FALSE
	EndGlobalSection
EndGlobal
